
Microsoft Visual Studio Solution File, Format Version 12.00
# Visual Studio Version 16
VisualStudioVersion = 16.0.29926.136
MinimumVisualStudioVersion = 10.0.40219.1
Project("{FAE04EC0-301F-11D3-BF4B-00C04F79EFBC}") = "Delegate-Inicio", "Delegate-Inicio\Delegate-Inicio.csproj", "{8D6523BF-0FF2-44FF-9CFC-7C9D2571E7B5}"
EndProject
Project("{FAE04EC0-301F-11D3-BF4B-00C04F79EFBC}") = "Delegate-Maquinas", "Delegate-Maquinas\Delegate-Maquinas.csproj", "{A50DF2BA-7F0D-4BA6-BE7E-F13F122D5554}"
EndProject
Global
	GlobalSection(SolutionConfigurationPlatforms) = preSolution
		Debug|Any CPU = Debug|Any CPU
		Release|Any CPU = Release|Any CPU
	EndGlobalSection
	GlobalSection(ProjectConfigurationPlatforms) = postSolution
		{8D6523BF-0FF2-44FF-9CFC-7C9D2571E7B5}.Debug|Any CPU.ActiveCfg = Debug|Any CPU
		{8D6523BF-0FF2-44FF-9CFC-7C9D2571E7B5}.Debug|Any CPU.Build.0 = Debug|Any CPU
		{8D6523BF-0FF2-44FF-9CFC-7C9D2571E7B5}.Release|Any CPU.ActiveCfg = Release|Any CPU
		{8D6523BF-0FF2-44FF-9CFC-7C9D2571E7B5}.Release|Any CPU.Build.0 = Release|Any CPU
		{A50DF2BA-7F0D-4BA6-BE7E-F13F122D5554}.Debug|Any CPU.ActiveCfg = Debug|Any CPU
		{A50DF2BA-7F0D-4BA6-BE7E-F13F122D5554}.Debug|Any CPU.Build.0 = Debug|Any CPU
		{A50DF2BA-7F0D-4BA6-BE7E-F13F122D5554}.Release|Any CPU.ActiveCfg = Release|Any CPU
		{A50DF2BA-7F0D-4BA6-BE7E-F13F122D5554}.Release|Any CPU.Build.0 = Release|Any CPU
	EndGlobalSection
	GlobalSection(SolutionProperties) = preSolution
		HideSolutionNode = FALSE
	EndGlobalSection
	GlobalSection(ExtensibilityGlobals) = postSolution
		SolutionGuid = {00F3F150-49A2-4EBE-B73D-C4408C916864}
	EndGlobalSection
EndGlobal
